
Microsoft Visual Studio Solution File, Format Version 12.00
# Visual Studio Version 16
VisualStudioVersion = 16.0.31105.61
MinimumVisualStudioVersion = 10.0.40219.1
Project("{9A19103F-16F7-4668-BE54-9A1E7A4F7556}") = "Rmsa.Wpf", "Rmsa.Wpf\Rmsa.Wpf.csproj", "{8A4DE391-B8A9-4B43-AC62-B185BC564B5A}"
EndProject
Project("{9A19103F-16F7-4668-BE54-9A1E7A4F7556}") = "Rmsa.Core", "Rmsa.Core\Rmsa.Core.csproj", "{D2634C8B-D26E-48B1-AEAE-E1DF040FF353}"
EndProject
Project("{2150E333-8FDC-42A3-9474-1A3956D46DE8}") = "Docs", "Docs", "{D23BB5D2-11C1-45EB-BA2C-9E6245DA09A8}"
	ProjectSection(SolutionItems) = preProject
		Docs\README.md = Docs\README.md
	EndProjectSection
EndProject
Global
	GlobalSection(SolutionConfigurationPlatforms) = preSolution
		Debug|Any CPU = Debug|Any CPU
		Release|Any CPU = Release|Any CPU
	EndGlobalSection
	GlobalSection(ProjectConfigurationPlatforms) = postSolution
		{8A4DE391-B8A9-4B43-AC62-B185BC564B5A}.Debug|Any CPU.ActiveCfg = Debug|Any CPU
		{8A4DE391-B8A9-4B43-AC62-B185BC564B5A}.Debug|Any CPU.Build.0 = Debug|Any CPU
		{8A4DE391-B8A9-4B43-AC62-B185BC564B5A}.Release|Any CPU.ActiveCfg = Release|Any CPU
		{8A4DE391-B8A9-4B43-AC62-B185BC564B5A}.Release|Any CPU.Build.0 = Release|Any CPU
		{D2634C8B-D26E-48B1-AEAE-E1DF040FF353}.Debug|Any CPU.ActiveCfg = Debug|Any CPU
		{D2634C8B-D26E-48B1-AEAE-E1DF040FF353}.Debug|Any CPU.Build.0 = Debug|Any CPU
		{D2634C8B-D26E-48B1-AEAE-E1DF040FF353}.Release|Any CPU.ActiveCfg = Release|Any CPU
		{D2634C8B-D26E-48B1-AEAE-E1DF040FF353}.Release|Any CPU.Build.0 = Release|Any CPU
	EndGlobalSection
	GlobalSection(SolutionProperties) = preSolution
		HideSolutionNode = FALSE
	EndGlobalSection
	GlobalSection(ExtensibilityGlobals) = postSolution
		SolutionGuid = {658C2CE3-2799-4F41-8B89-371AA8939B8B}
	EndGlobalSection
EndGlobal
